
Microsoft Visual Studio Solution File, Format Version 12.00
# Visual Studio Version 17
VisualStudioVersion = 17.3.32901.215
MinimumVisualStudioVersion = 10.0.40219.1
Project("{8BC9CEB8-8B4A-11D0-8D11-00A0C91BC942}") = "lab_6.3_2", "lab_6.3_2\lab_6.3_2.vcxproj", "{FED3DABB-7844-4A44-9A72-2DD6A88BC865}"
EndProject
Project("{8BC9CEB8-8B4A-11D0-8D11-00A0C91BC942}") = "UnitTest6_3_2", "UnitTest6_3_2\UnitTest6_3_2.vcxproj", "{A284E3A6-08D4-4B88-9686-05B4BCA3DF61}"
EndProject
Global
	GlobalSection(SolutionConfigurationPlatforms) = preSolution
		Debug|x64 = Debug|x64
		Debug|x86 = Debug|x86
		Release|x64 = Release|x64
		Release|x86 = Release|x86
	EndGlobalSection
	GlobalSection(ProjectConfigurationPlatforms) = postSolution
		{FED3DABB-7844-4A44-9A72-2DD6A88BC865}.Debug|x64.ActiveCfg = Debug|x64
		{FED3DABB-7844-4A44-9A72-2DD6A88BC865}.Debug|x64.Build.0 = Debug|x64
		{FED3DABB-7844-4A44-9A72-2DD6A88BC865}.Debug|x86.ActiveCfg = Debug|Win32
		{FED3DABB-7844-4A44-9A72-2DD6A88BC865}.Debug|x86.Build.0 = Debug|Win32
		{FED3DABB-7844-4A44-9A72-2DD6A88BC865}.Release|x64.ActiveCfg = Release|x64
		{FED3DABB-7844-4A44-9A72-2DD6A88BC865}.Release|x64.Build.0 = Release|x64
		{FED3DABB-7844-4A44-9A72-2DD6A88BC865}.Release|x86.ActiveCfg = Release|Win32
		{FED3DABB-7844-4A44-9A72-2DD6A88BC865}.Release|x86.Build.0 = Release|Win32
		{A284E3A6-08D4-4B88-9686-05B4BCA3DF61}.Debug|x64.ActiveCfg = Debug|x64
		{A284E3A6-08D4-4B88-9686-05B4BCA3DF61}.Debug|x64.Build.0 = Debug|x64
		{A284E3A6-08D4-4B88-9686-05B4BCA3DF61}.Debug|x86.ActiveCfg = Debug|Win32
		{A284E3A6-08D4-4B88-9686-05B4BCA3DF61}.Debug|x86.Build.0 = Debug|Win32
		{A284E3A6-08D4-4B88-9686-05B4BCA3DF61}.Release|x64.ActiveCfg = Release|x64
		{A284E3A6-08D4-4B88-9686-05B4BCA3DF61}.Release|x64.Build.0 = Release|x64
		{A284E3A6-08D4-4B88-9686-05B4BCA3DF61}.Release|x86.ActiveCfg = Release|Win32
		{A284E3A6-08D4-4B88-9686-05B4BCA3DF61}.Release|x86.Build.0 = Release|Win32
	EndGlobalSection
	GlobalSection(SolutionProperties) = preSolution
		HideSolutionNode = FALSE
	EndGlobalSection
	GlobalSection(ExtensibilityGlobals) = postSolution
		SolutionGuid = {B571DCAE-09B4-481D-9EBA-6F947D5B616C}
	EndGlobalSection
EndGlobal
